{
  "name": "test",
  "version": "1.0.0",
  "lockfileVersion": 3,
  "requires": true,
  "packages": {
    "": {
      "name": "test",
      "version": "1.0.0",
      "devDependencies": {
        "@noble/curves": "^2.3.0",
        "@noble/hashes": "^2.3.0",
        "c-kzg": "4.1.0",
        "kzg-wasm": "0.4.0",
        "micro-eth-signer": "^0.20.0"
      }
    },
    "node_modules/@noble/ciphers": {
      "version": "2.3.0",
      "resolved": "https://registry.npmjs.org/@noble/ciphers/-/ciphers-2.3.0.tgz",
      "integrity": "sha512-Clu/xdfgVTf9o7ngLOURaxePwR0j8sjclKEtVij10/jGulwFsPWCvvRgG/XjUVf8Nei+jLG6uwyXzUTGY1DQrw==",
      "dev": true,
      "license": "MIT",
      "engines": {
        "node": ">= 20.19.0"
      },
      "funding": {
        "url": "https://paulmillr.com/funding/"
      }
    },
    "node_modules/@noble/curves": {
      "version": "2.3.0",
      "resolved": "https://registry.npmjs.org/@noble/curves/-/curves-2.3.0.tgz",
      "integrity": "sha512-v7cY+4oWYPQszRj6ZFGzTVL7uP2TaLo1xMhWHzYC5wj0ZhOXQ5x+sBre8rF3hi8cAoi0bh1qXoovoOkdFtvqEg==",
      "dev": true,
      "license": "MIT",
      "dependencies": {
        "@noble/hashes": "2.3.0"
      },
      "engines": {
        "node": ">= 20.19.0"
      },
      "funding": {
        "url": "https://paulmillr.com/funding/"
      }
    },
    "node_modules/@noble/hashes": {
      "version": "2.3.0",
      "resolved": "https://registry.npmjs.org/@noble/hashes/-/hashes-2.3.0.tgz",
      "integrity": "sha512-oN+QwyX7VSHotibwubG3kpzbwKrfnyR6OOO+3Nk/53ADL7FmgHHz4TgrbaYKvvOw09u6QTx0oiH1cNCIOuN0CQ==",
      "dev": true,
      "license": "MIT",
      "engines": {
        "node": ">= 20.19.0"
      },
      "funding": {
        "url": "https://paulmillr.com/funding/"
      }
    },
    "node_modules/@scure/base": {
      "version": "2.3.0",
      "resolved": "https://registry.npmjs.org/@scure/base/-/base-2.3.0.tgz",
      "integrity": "sha512-NsG6Y03tY6R5BUis4FdVtHVkur0U6FOzskgs9ZXNl78CUc9fkZ78HmENUle1nSOkCasDmbubmWD9qwB7mm4PZA==",
      "dev": true,
      "license": "MIT",
      "funding": {
        "url": "https://paulmillr.com/funding/"
      }
    },
    "node_modules/bindings": {
      "version": "1.5.0",
      "resolved": "https://registry.npmjs.org/bindings/-/bindings-1.5.0.tgz",
      "integrity": "sha512-p2q/t/mhvuOj/UeLlV6566GD/guowlr0hHxClI0W9m7MWYkL1F0hLo+0Aexs9HSPCtR1SXQ0TD3MMKrXZajbiQ==",
      "dev": true,
      "license": "MIT",
      "dependencies": {
        "file-uri-to-path": "1.0.0"
      }
    },
    "node_modules/c-kzg": {
      "version": "4.1.0",
      "resolved": "https://registry.npmjs.org/c-kzg/-/c-kzg-4.1.0.tgz",
      "integrity": "sha512-eliOBB2GKoT5Nk4LwN418O8kWfXCwepHj3kd6z0zKrzIdJbry0Y8IDPYzE5Dxw/fs386PGO6zQRqy8LSVtR5tQ==",
      "dev": true,
      "hasInstallScript": true,
      "license": "MIT",
      "dependencies": {
        "bindings": "^1.5.0",
        "node-addon-api": "^8.3.1"
      }
    },
    "node_modules/file-uri-to-path": {
      "version": "1.0.0",
      "resolved": "https://registry.npmjs.org/file-uri-to-path/-/file-uri-to-path-1.0.0.tgz",
      "integrity": "sha512-0Zt+s3L7Vf1biwWZ29aARiVYLx7iMGnEUl9x33fbB/j3jR81u/O2LbqK+Bm1CDSNDKVtJ/YjwY7TUd5SkeLQLw==",
      "dev": true,
      "license": "MIT"
    },
    "node_modules/kzg-wasm": {
      "version": "0.4.0",
      "resolved": "https://registry.npmjs.org/kzg-wasm/-/kzg-wasm-0.4.0.tgz",
      "integrity": "sha512-hKEwFbKrY1LZnAH5gY8+PlVWfkGnj2wd2tc83eIgzuC4NoshXqplW9OzGlBDqpAmXxwhiN8fgPG2+NcvUIBSwg==",
      "dev": true,
      "license": "MIT"
    },
    "node_modules/micro-eth-signer": {
      "version": "0.20.0",
      "resolved": "https://registry.npmjs.org/micro-eth-signer/-/micro-eth-signer-0.20.0.tgz",
      "integrity": "sha512-QCmG6zMK5tCSjETJWzbIMd/GeYiCu1hUyy0pXU5pILZ+h3y8kTc5BqGhBjUgkx4v+85eJQgWclO8eUShAFZpQA==",
      "dev": true,
      "license": "MIT",
      "dependencies": {
        "@noble/ciphers": "~2.3.0",
        "@noble/curves": "~2.3.0",
        "@noble/hashes": "~2.3.0",
        "micro-packed": "~0.11.0"
      },
      "engines": {
        "node": ">= 20.19.0"
      }
    },
    "node_modules/micro-packed": {
      "version": "0.11.0",
      "resolved": "https://registry.npmjs.org/micro-packed/-/micro-packed-0.11.0.tgz",
      "integrity": "sha512-rq9RzPpmlgt3YaW2RrtCG9Q2iydX2+KZnL/Vhik8KKdsKwR5FvLXJzqp5IhXqD67XjYeZEMCrG6B28Mq9uC8Tw==",
      "dev": true,
      "license": "MIT",
      "dependencies": {
        "@scure/base": "~2.3.0"
      },
      "engines": {
        "node": ">= 20.19.0"
      },
      "funding": {
        "url": "https://paulmillr.com/funding/"
      }
    },
    "node_modules/node-addon-api": {
      "version": "8.9.2",
      "resolved": "https://registry.npmjs.org/node-addon-api/-/node-addon-api-8.9.2.tgz",
      "integrity": "sha512-VijLXbi3UACN69I0JVXJsX4tjACjNoQDgv2gTF6sx2wWEi8tkSg2eX8p5gSIFi8z2+DL3oHmY6OyKce38SDolg==",
      "dev": true,
      "license": "MIT",
      "engines": {
        "node": "^18 || ^20 || >= 21"
      }
    }
  }
}
