{
  "name": "test",
  "version": "1.0.0",
  "lockfileVersion": 3,
  "requires": true,
  "packages": {
    "": {
      "name": "test",
      "version": "1.0.0",
      "devDependencies": {
        "@noble/curves": "^2.0.0",
        "@noble/hashes": "^2.0.0",
        "c-kzg": "4.0.1",
        "kzg-wasm": "0.4.0",
        "micro-eth-signer": "^0.17.3"
      }
    },
    "node_modules/@noble/curves": {
      "version": "2.0.0",
      "resolved": "https://registry.npmjs.org/@noble/curves/-/curves-2.0.0.tgz",
      "integrity": "sha512-RiwZZeJnsTnhT+/gg2KvITJZhK5oagQrpZo+yQyd3mv3D5NAG2qEeEHpw7IkXRlpkoD45wl2o4ydHAvY9wyEfw==",
      "dev": true,
      "license": "MIT",
      "dependencies": {
        "@noble/hashes": "2.0.0"
      },
      "engines": {
        "node": ">= 20.19.0"
      },
      "funding": {
        "url": "https://paulmillr.com/funding/"
      }
    },
    "node_modules/@noble/hashes": {
      "version": "2.0.0",
      "resolved": "https://registry.npmjs.org/@noble/hashes/-/hashes-2.0.0.tgz",
      "integrity": "sha512-h8VUBlE8R42+XIDO229cgisD287im3kdY6nbNZJFjc6ZvKIXPYXe6Vc/t+kyjFdMFyt5JpapzTsEg8n63w5/lw==",
      "dev": true,
      "license": "MIT",
      "engines": {
        "node": ">= 20.19.0"
      },
      "funding": {
        "url": "https://paulmillr.com/funding/"
      }
    },
    "node_modules/@scure/base": {
      "version": "2.0.0",
      "resolved": "https://registry.npmjs.org/@scure/base/-/base-2.0.0.tgz",
      "integrity": "sha512-3E1kpuZginKkek01ovG8krQ0Z44E3DHPjc5S2rjJw9lZn3KSQOs8S7wqikF/AH7iRanHypj85uGyxk0XAyC37w==",
      "dev": true,
      "license": "MIT",
      "funding": {
        "url": "https://paulmillr.com/funding/"
      }
    },
    "node_modules/bindings": {
      "version": "1.5.0",
      "resolved": "https://registry.npmjs.org/bindings/-/bindings-1.5.0.tgz",
      "integrity": "sha512-p2q/t/mhvuOj/UeLlV6566GD/guowlr0hHxClI0W9m7MWYkL1F0hLo+0Aexs9HSPCtR1SXQ0TD3MMKrXZajbiQ==",
      "dev": true,
      "license": "MIT",
      "dependencies": {
        "file-uri-to-path": "1.0.0"
      }
    },
    "node_modules/c-kzg": {
      "version": "4.0.1",
      "resolved": "https://registry.npmjs.org/c-kzg/-/c-kzg-4.0.1.tgz",
      "integrity": "sha512-ptOi4tTIMxLDFH3J5Fgd4WRQvKiTCAU9Y9hn9VpczelzcmBN2SvrT2OU/Vnt3cCWsMIG7ps+Rc9knYZro2YoLw==",
      "dev": true,
      "hasInstallScript": true,
      "license": "MIT",
      "dependencies": {
        "bindings": "^1.5.0",
        "node-addon-api": "^5.0.0"
      }
    },
    "node_modules/file-uri-to-path": {
      "version": "1.0.0",
      "resolved": "https://registry.npmjs.org/file-uri-to-path/-/file-uri-to-path-1.0.0.tgz",
      "integrity": "sha512-0Zt+s3L7Vf1biwWZ29aARiVYLx7iMGnEUl9x33fbB/j3jR81u/O2LbqK+Bm1CDSNDKVtJ/YjwY7TUd5SkeLQLw==",
      "dev": true,
      "license": "MIT"
    },
    "node_modules/kzg-wasm": {
      "version": "0.4.0",
      "resolved": "https://registry.npmjs.org/kzg-wasm/-/kzg-wasm-0.4.0.tgz",
      "integrity": "sha512-hKEwFbKrY1LZnAH5gY8+PlVWfkGnj2wd2tc83eIgzuC4NoshXqplW9OzGlBDqpAmXxwhiN8fgPG2+NcvUIBSwg==",
      "dev": true,
      "license": "MIT"
    },
    "node_modules/micro-eth-signer": {
      "version": "0.17.3",
      "resolved": "https://registry.npmjs.org/micro-eth-signer/-/micro-eth-signer-0.17.3.tgz",
      "integrity": "sha512-6NSgzeSAO2oRQmzH3SWPS+/abXrO09E8i4utmufV1O1oez/C1E2hNpeOX/OFOHJghAS7XzPm9tkh625v/49TwA==",
      "dev": true,
      "license": "MIT",
      "dependencies": {
        "@noble/curves": "^2.0.0",
        "@noble/hashes": "^2.0.0",
        "micro-packed": "^0.8.0"
      },
      "engines": {
        "node": ">= 20.19.0"
      }
    },
    "node_modules/micro-packed": {
      "version": "0.8.0",
      "resolved": "https://registry.npmjs.org/micro-packed/-/micro-packed-0.8.0.tgz",
      "integrity": "sha512-AKb8znIvg9sooythbXzyFeChEY0SkW0C6iXECpy/ls0e5BtwXO45J9wD9SLzBztnS4XmF/5kwZknsq+jyynd/A==",
      "dev": true,
      "license": "MIT",
      "dependencies": {
        "@scure/base": "2.0.0"
      },
      "engines": {
        "node": ">= 20.19.0"
      },
      "funding": {
        "url": "https://paulmillr.com/funding/"
      }
    },
    "node_modules/node-addon-api": {
      "version": "5.1.0",
      "resolved": "https://registry.npmjs.org/node-addon-api/-/node-addon-api-5.1.0.tgz",
      "integrity": "sha512-eh0GgfEkpnoWDq+VY8OyvYhFEzBk6jIYbRKdIlyTiAXIVJ8PyBaKb0rp7oDtoddbdoHWhq8wwr+XZ81F1rpNdA==",
      "dev": true,
      "license": "MIT"
    }
  }
}
