{
  "name": "@paulmillr/trusted-setups",
  "version": "0.2.0",
  "lockfileVersion": 3,
  "requires": true,
  "packages": {
    "": {
      "name": "@paulmillr/trusted-setups",
      "version": "0.2.0",
      "license": "MIT",
      "devDependencies": {
        "@noble/curves": "1.9.1",
        "@noble/hashes": "1.8.0",
        "@paulmillr/jsbt": "0.4.1",
        "c-kzg": "4.0.1",
        "kzg-wasm": "0.4.0",
        "micro-bmark": "0.4.2",
        "micro-should": "0.5.3",
        "typescript": "5.9.2"
      }
    },
    "..": {
      "version": "0.14.0",
      "extraneous": true,
      "license": "MIT",
      "dependencies": {
        "@noble/curves": "file:./noble-curves",
        "@noble/hashes": "~1.7.1",
        "@types/node": "^22.15.2",
        "micro-packed": "~0.7.2"
      },
      "devDependencies": {
        "@paulmillr/jsbt": "0.3.3",
        "@paulmillr/trusted-setups": "file:./trusted-setups",
        "micro-bmark": "0.4.0",
        "micro-ftch": "0.4.0",
        "micro-should": "0.5.1",
        "prettier": "3.5.2",
        "snappyjs": "0.7.0",
        "typescript": "5.8.2",
        "yaml": "2.4.1"
      }
    },
    "../eth-signer": {
      "name": "micro-eth-signer",
      "version": "0.15.0",
      "extraneous": true,
      "license": "MIT",
      "dependencies": {
        "@noble/curves": "~1.9.1",
        "@noble/hashes": "~1.8.0",
        "micro-packed": "~0.7.3"
      },
      "devDependencies": {
        "@paulmillr/jsbt": "0.4.0",
        "@paulmillr/trusted-setups": "~0.2.0",
        "micro-bmark": "0.3.1",
        "micro-ftch": "0.4.3",
        "micro-should": "0.5.3",
        "prettier": "3.5.2",
        "snappyjs": "0.7.0",
        "typescript": "5.8.2",
        "yaml": "2.4.1"
      }
    },
    "node_modules/@noble/curves": {
      "version": "1.9.1",
      "resolved": "https://registry.npmjs.org/@noble/curves/-/curves-1.9.1.tgz",
      "integrity": "sha512-k11yZxZg+t+gWvBbIswW0yoJlu8cHOC7dhunwOzoWH/mXGBiYyR4YY6hAEK/3EUs4UpB8la1RfdRpeGsFHkWsA==",
      "dev": true,
      "license": "MIT",
      "dependencies": {
        "@noble/hashes": "1.8.0"
      },
      "engines": {
        "node": "^14.21.3 || >=16"
      },
      "funding": {
        "url": "https://paulmillr.com/funding/"
      }
    },
    "node_modules/@noble/hashes": {
      "version": "1.8.0",
      "resolved": "https://registry.npmjs.org/@noble/hashes/-/hashes-1.8.0.tgz",
      "integrity": "sha512-jCs9ldd7NwzpgXDIf6P3+NrHh9/sD6CQdxHyjQI+h/6rDNo88ypBxxz45UDuZHz9r3tNz7N/VInSVoVdtXEI4A==",
      "dev": true,
      "license": "MIT",
      "engines": {
        "node": "^14.21.3 || >=16"
      },
      "funding": {
        "url": "https://paulmillr.com/funding/"
      }
    },
    "node_modules/@paulmillr/jsbt": {
      "version": "0.4.1",
      "resolved": "https://registry.npmjs.org/@paulmillr/jsbt/-/jsbt-0.4.1.tgz",
      "integrity": "sha512-WomUnhmgUEeIDgeIL8mADU2SsYjeQf7M68OJyj8J2QbfnhJU6BEkwblwV9lq3mQJsPaXOl1gPVwAVZxzEXFCtw==",
      "dev": true,
      "license": "MIT",
      "bin": {
        "jsbt": "jsbt.js"
      }
    },
    "node_modules/bindings": {
      "version": "1.5.0",
      "resolved": "https://registry.npmjs.org/bindings/-/bindings-1.5.0.tgz",
      "integrity": "sha512-p2q/t/mhvuOj/UeLlV6566GD/guowlr0hHxClI0W9m7MWYkL1F0hLo+0Aexs9HSPCtR1SXQ0TD3MMKrXZajbiQ==",
      "dev": true,
      "license": "MIT",
      "dependencies": {
        "file-uri-to-path": "1.0.0"
      }
    },
    "node_modules/c-kzg": {
      "version": "4.0.1",
      "resolved": "https://registry.npmjs.org/c-kzg/-/c-kzg-4.0.1.tgz",
      "integrity": "sha512-ptOi4tTIMxLDFH3J5Fgd4WRQvKiTCAU9Y9hn9VpczelzcmBN2SvrT2OU/Vnt3cCWsMIG7ps+Rc9knYZro2YoLw==",
      "dev": true,
      "hasInstallScript": true,
      "license": "MIT",
      "dependencies": {
        "bindings": "^1.5.0",
        "node-addon-api": "^5.0.0"
      }
    },
    "node_modules/file-uri-to-path": {
      "version": "1.0.0",
      "resolved": "https://registry.npmjs.org/file-uri-to-path/-/file-uri-to-path-1.0.0.tgz",
      "integrity": "sha512-0Zt+s3L7Vf1biwWZ29aARiVYLx7iMGnEUl9x33fbB/j3jR81u/O2LbqK+Bm1CDSNDKVtJ/YjwY7TUd5SkeLQLw==",
      "dev": true,
      "license": "MIT"
    },
    "node_modules/kzg-wasm": {
      "version": "0.4.0",
      "resolved": "https://registry.npmjs.org/kzg-wasm/-/kzg-wasm-0.4.0.tgz",
      "integrity": "sha512-hKEwFbKrY1LZnAH5gY8+PlVWfkGnj2wd2tc83eIgzuC4NoshXqplW9OzGlBDqpAmXxwhiN8fgPG2+NcvUIBSwg==",
      "dev": true,
      "license": "MIT"
    },
    "node_modules/micro-bmark": {
      "version": "0.4.2",
      "resolved": "https://registry.npmjs.org/micro-bmark/-/micro-bmark-0.4.2.tgz",
      "integrity": "sha512-0M16Yxj6F1t0ZJoCT7xmHuM3AWm2d4NafAZamJFV++ZDD8uMtRMk7Nsq23LjHCSy246AqIBOLDGfeIoJBpipvg==",
      "dev": true,
      "license": "MIT"
    },
    "node_modules/micro-should": {
      "version": "0.5.3",
      "resolved": "https://registry.npmjs.org/micro-should/-/micro-should-0.5.3.tgz",
      "integrity": "sha512-3gEuTzROE856pZSijMD5NonIrQTEGLdkMKj42S2JCqpXiaqQdoSqEd/mTonelAT0ZNwheY7pA/w6eAotQTXeWQ==",
      "dev": true,
      "license": "MIT"
    },
    "node_modules/node-addon-api": {
      "version": "5.1.0",
      "resolved": "https://registry.npmjs.org/node-addon-api/-/node-addon-api-5.1.0.tgz",
      "integrity": "sha512-eh0GgfEkpnoWDq+VY8OyvYhFEzBk6jIYbRKdIlyTiAXIVJ8PyBaKb0rp7oDtoddbdoHWhq8wwr+XZ81F1rpNdA==",
      "dev": true,
      "license": "MIT"
    },
    "node_modules/typescript": {
      "version": "5.9.2",
      "resolved": "https://registry.npmjs.org/typescript/-/typescript-5.9.2.tgz",
      "integrity": "sha512-CWBzXQrc/qOkhidw1OzBTQuYRbfyxDXJMVJ1XNwUHGROVmuaeiEm3OslpZ1RV96d7SKKjZKrSJu3+t/xlw3R9A==",
      "dev": true,
      "license": "Apache-2.0",
      "bin": {
        "tsc": "bin/tsc",
        "tsserver": "bin/tsserver"
      },
      "engines": {
        "node": ">=14.17"
      }
    }
  }
}
