{
  "name": "@paulmillr/trusted-setups",
  "version": "0.1.2",
  "lockfileVersion": 3,
  "requires": true,
  "packages": {
    "": {
      "name": "@paulmillr/trusted-setups",
      "version": "0.1.2",
      "license": "MIT",
      "devDependencies": {
        "@noble/curves": "1.6.0",
        "@noble/hashes": "1.5.0",
        "c-kzg": "4.0.1",
        "kzg-wasm": "0.4.0",
        "micro-eth-signer": "0.11.0",
        "micro-should": "0.4.0"
      }
    },
    "node_modules/@noble/curves": {
      "version": "1.6.0",
      "resolved": "https://registry.npmjs.org/@noble/curves/-/curves-1.6.0.tgz",
      "integrity": "sha512-TlaHRXDehJuRNR9TfZDNQ45mMEd5dwUwmicsafcIX4SsNiqnCHKjE/1alYPd/lDRVhxdhUAlv8uEhMCI5zjIJQ==",
      "dev": true,
      "license": "MIT",
      "dependencies": {
        "@noble/hashes": "1.5.0"
      },
      "engines": {
        "node": "^14.21.3 || >=16"
      },
      "funding": {
        "url": "https://paulmillr.com/funding/"
      }
    },
    "node_modules/@noble/hashes": {
      "version": "1.5.0",
      "resolved": "https://registry.npmjs.org/@noble/hashes/-/hashes-1.5.0.tgz",
      "integrity": "sha512-1j6kQFb7QRru7eKN3ZDvRcP13rugwdxZqCjbiAVZfIJwgj2A65UmT4TgARXGlXgnRkORLTDTrO19ZErt7+QXgA==",
      "dev": true,
      "license": "MIT",
      "engines": {
        "node": "^14.21.3 || >=16"
      },
      "funding": {
        "url": "https://paulmillr.com/funding/"
      }
    },
    "node_modules/@scure/base": {
      "version": "1.1.8",
      "resolved": "https://registry.npmjs.org/@scure/base/-/base-1.1.8.tgz",
      "integrity": "sha512-6CyAclxj3Nb0XT7GHK6K4zK6k2xJm6E4Ft0Ohjt4WgegiFUHEtFb2CGzmPmGBwoIhrLsqNLYfLr04Y1GePrzZg==",
      "dev": true,
      "license": "MIT",
      "funding": {
        "url": "https://paulmillr.com/funding/"
      }
    },
    "node_modules/bindings": {
      "version": "1.5.0",
      "resolved": "https://registry.npmjs.org/bindings/-/bindings-1.5.0.tgz",
      "integrity": "sha512-p2q/t/mhvuOj/UeLlV6566GD/guowlr0hHxClI0W9m7MWYkL1F0hLo+0Aexs9HSPCtR1SXQ0TD3MMKrXZajbiQ==",
      "dev": true,
      "license": "MIT",
      "dependencies": {
        "file-uri-to-path": "1.0.0"
      }
    },
    "node_modules/c-kzg": {
      "version": "4.0.1",
      "resolved": "https://registry.npmjs.org/c-kzg/-/c-kzg-4.0.1.tgz",
      "integrity": "sha512-ptOi4tTIMxLDFH3J5Fgd4WRQvKiTCAU9Y9hn9VpczelzcmBN2SvrT2OU/Vnt3cCWsMIG7ps+Rc9knYZro2YoLw==",
      "dev": true,
      "hasInstallScript": true,
      "license": "MIT",
      "dependencies": {
        "bindings": "^1.5.0",
        "node-addon-api": "^5.0.0"
      }
    },
    "node_modules/file-uri-to-path": {
      "version": "1.0.0",
      "resolved": "https://registry.npmjs.org/file-uri-to-path/-/file-uri-to-path-1.0.0.tgz",
      "integrity": "sha512-0Zt+s3L7Vf1biwWZ29aARiVYLx7iMGnEUl9x33fbB/j3jR81u/O2LbqK+Bm1CDSNDKVtJ/YjwY7TUd5SkeLQLw==",
      "dev": true,
      "license": "MIT"
    },
    "node_modules/kzg-wasm": {
      "version": "0.4.0",
      "resolved": "https://registry.npmjs.org/kzg-wasm/-/kzg-wasm-0.4.0.tgz",
      "integrity": "sha512-hKEwFbKrY1LZnAH5gY8+PlVWfkGnj2wd2tc83eIgzuC4NoshXqplW9OzGlBDqpAmXxwhiN8fgPG2+NcvUIBSwg==",
      "dev": true,
      "license": "MIT"
    },
    "node_modules/micro-eth-signer": {
      "version": "0.11.0",
      "resolved": "https://registry.npmjs.org/micro-eth-signer/-/micro-eth-signer-0.11.0.tgz",
      "integrity": "sha512-i65pslqSpQvUJDh0JCzR7viZEoLYcXCgWHPZIw2j2Wntf8GTxR0I/1pEGvFwILrwR+lhAwl3mpEVazWTH8OpHQ==",
      "dev": true,
      "license": "MIT",
      "dependencies": {
        "@noble/curves": "~1.6.0",
        "@noble/hashes": "~1.5.0",
        "micro-packed": "~0.6.3"
      }
    },
    "node_modules/micro-packed": {
      "version": "0.6.3",
      "resolved": "https://registry.npmjs.org/micro-packed/-/micro-packed-0.6.3.tgz",
      "integrity": "sha512-VmVkyc7lIzAq/XCPFuLc/CwQ7Ehs5XDK3IwqsZHiBIDttAI9Gs7go6Lv4lNRuAIKrGKcRTtthFKUNyHS0S4wJQ==",
      "dev": true,
      "license": "MIT",
      "dependencies": {
        "@scure/base": "~1.1.5"
      },
      "funding": {
        "url": "https://paulmillr.com/funding/"
      }
    },
    "node_modules/micro-should": {
      "version": "0.4.0",
      "resolved": "https://registry.npmjs.org/micro-should/-/micro-should-0.4.0.tgz",
      "integrity": "sha512-Vclj8yrngSYc9Y3dL2C+AdUlTkyx/syWc4R7LYfk4h7+icfF0DoUBGjjUIaEDzZA19RzoI+Hg8rW9IRoNGP0tQ==",
      "dev": true,
      "license": "MIT"
    },
    "node_modules/node-addon-api": {
      "version": "5.1.0",
      "resolved": "https://registry.npmjs.org/node-addon-api/-/node-addon-api-5.1.0.tgz",
      "integrity": "sha512-eh0GgfEkpnoWDq+VY8OyvYhFEzBk6jIYbRKdIlyTiAXIVJ8PyBaKb0rp7oDtoddbdoHWhq8wwr+XZ81F1rpNdA==",
      "dev": true,
      "license": "MIT"
    }
  }
}
